
Microsoft Visual Studio Solution File, Format Version 12.00
# Visual Studio Version 16
VisualStudioVersion = 16.0.30907.101
MinimumVisualStudioVersion = 10.0.40219.1
Project("{9A19103F-16F7-4668-BE54-9A1E7A4F7556}") = "RurouniJones.Jupiter.UI", "RurouniJones.Jupiter.UI\RurouniJones.Jupiter.UI.csproj", "{AC078637-EAA8-4200-BDB8-C6B56252DF8D}"
EndProject
Project("{2150E333-8FDC-42A3-9474-1A3956D46DE8}") = "Solution Items", "Solution Items", "{F86DF249-25AB-4627-AE9D-F5851DACD9C2}"
	ProjectSection(SolutionItems) = preProject
		LICENSE.md = LICENSE.md
		README.md = README.md
	EndProjectSection
EndProject
Project("{9A19103F-16F7-4668-BE54-9A1E7A4F7556}") = "RurouniJones.Jupiter.Dcs", "RurouniJones.Jupiter.Dcs\RurouniJones.Jupiter.Dcs.csproj", "{1A561D48-1E2F-4470-80E5-45BE93381F05}"
EndProject
Project("{FAE04EC0-301F-11D3-BF4B-00C04F79EFBC}") = "RurouniJones.Jupiter.Core", "RurouniJones.Jupiter.Core\RurouniJones.Jupiter.Core.csproj", "{5CF77010-0755-4D3D-839F-2F1F3C776FEF}"
EndProject
Global
	GlobalSection(SolutionConfigurationPlatforms) = preSolution
		Debug|Any CPU = Debug|Any CPU
		Release|Any CPU = Release|Any CPU
	EndGlobalSection
	GlobalSection(ProjectConfigurationPlatforms) = postSolution
		{AC078637-EAA8-4200-BDB8-C6B56252DF8D}.Debug|Any CPU.ActiveCfg = Debug|Any CPU
		{AC078637-EAA8-4200-BDB8-C6B56252DF8D}.Debug|Any CPU.Build.0 = Debug|Any CPU
		{AC078637-EAA8-4200-BDB8-C6B56252DF8D}.Release|Any CPU.ActiveCfg = Release|Any CPU
		{AC078637-EAA8-4200-BDB8-C6B56252DF8D}.Release|Any CPU.Build.0 = Release|Any CPU
		{1A561D48-1E2F-4470-80E5-45BE93381F05}.Debug|Any CPU.ActiveCfg = Debug|Any CPU
		{1A561D48-1E2F-4470-80E5-45BE93381F05}.Debug|Any CPU.Build.0 = Debug|Any CPU
		{1A561D48-1E2F-4470-80E5-45BE93381F05}.Release|Any CPU.ActiveCfg = Release|Any CPU
		{1A561D48-1E2F-4470-80E5-45BE93381F05}.Release|Any CPU.Build.0 = Release|Any CPU
		{5CF77010-0755-4D3D-839F-2F1F3C776FEF}.Debug|Any CPU.ActiveCfg = Debug|Any CPU
		{5CF77010-0755-4D3D-839F-2F1F3C776FEF}.Debug|Any CPU.Build.0 = Debug|Any CPU
		{5CF77010-0755-4D3D-839F-2F1F3C776FEF}.Release|Any CPU.ActiveCfg = Release|Any CPU
		{5CF77010-0755-4D3D-839F-2F1F3C776FEF}.Release|Any CPU.Build.0 = Release|Any CPU
	EndGlobalSection
	GlobalSection(SolutionProperties) = preSolution
		HideSolutionNode = FALSE
	EndGlobalSection
	GlobalSection(ExtensibilityGlobals) = postSolution
		SolutionGuid = {ADFD7199-BFFE-459F-8FE2-DE9EB9595D66}
	EndGlobalSection
EndGlobal
